// !$*UTF8*$!
{
	archiveVersion = 1;
	classes = {
	};
	objectVersion = 46;
	objects = {

/* Begin PBXBuildFile section */
		EF94C6251B6F7C79003C9150 /* AppDelegate.swift in Sources */ = {isa = PBXBuildFile; fileRef = EF94C6241B6F7C79003C9150 /* AppDelegate.swift */; };
		EF94C6281B6F7C79003C9150 /* WebResponseApp.xcdatamodeld in Sources */ = {isa = PBXBuildFile; fileRef = EF94C6261B6F7C79003C9150 /* WebResponseApp.xcdatamodeld */; };
		EF94C62A1B6F7C79003C9150 /* ViewController.swift in Sources */ = {isa = PBXBuildFile; fileRef = EF94C6291B6F7C79003C9150 /* ViewController.swift */; };
		EF94C62D1B6F7C79003C9150 /* Main.storyboard in Resources */ = {isa = PBXBuildFile; fileRef = EF94C62B1B6F7C79003C9150 /* Main.storyboard */; };
		EF94C62F1B6F7C79003C9150 /* Images.xcassets in Resources */ = {isa = PBXBuildFile; fileRef = EF94C62E1B6F7C79003C9150 /* Images.xcassets */; };
		EF94C6321B6F7C79003C9150 /* LaunchScreen.xib in Resources */ = {isa = PBXBuildFile; fileRef = EF94C6301B6F7C79003C9150 /* LaunchScreen.xib */; };
		EF94C63E1B6F7C79003C9150 /* WebResponseAppTests.swift in Sources */ = {isa = PBXBuildFile; fileRef = EF94C63D1B6F7C79003C9150 /* WebResponseAppTests.swift */; };
		EF94C6491B6F8978003C9150 /* Tuku.framework in Frameworks */ = {isa = PBXBuildFile; fileRef = EF94C6481B6F8978003C9150 /* Tuku.framework */; };
		EF94C64B1B6F89B2003C9150 /* WebResponseModel.swift in Sources */ = {isa = PBXBuildFile; fileRef = EF94C64A1B6F89B2003C9150 /* WebResponseModel.swift */; };
/* End PBXBuildFile section */

/* Begin PBXContainerItemProxy section */
		EF94C6381B6F7C79003C9150 /* PBXContainerItemProxy */ = {
			isa = PBXContainerItemProxy;
			containerPortal = EF94C6171B6F7C79003C9150 /* Project object */;
			proxyType = 1;
			remoteGlobalIDString = EF94C61E1B6F7C79003C9150;
			remoteInfo = WebResponseApp;
		};
/* End PBXContainerItemProxy section */

/* Begin PBXFileReference section */
		EF94C61F1B6F7C79003C9150 /* WebResponseApp.app */ = {isa = PBXFileReference; explicitFileType = wrapper.application; includeInIndex = 0; path = WebResponseApp.app; sourceTree = BUILT_PRODUCTS_DIR; };
		EF94C6231B6F7C79003C9150 /* Info.plist */ = {isa = PBXFileReference; lastKnownFileType = text.plist.xml; path = Info.plist; sourceTree = "<group>"; };
		EF94C6241B6F7C79003C9150 /* AppDelegate.swift */ = {isa = PBXFileReference; lastKnownFileType = sourcecode.swift; path = AppDelegate.swift; sourceTree = "<group>"; };
		EF94C6271B6F7C79003C9150 /* WebResponseApp.xcdatamodel */ = {isa = PBXFileReference; lastKnownFileType = wrapper.xcdatamodel; path = WebResponseApp.xcdatamodel; sourceTree = "<group>"; };
		EF94C6291B6F7C79003C9150 /* ViewController.swift */ = {isa = PBXFileReference; lastKnownFileType = sourcecode.swift; path = ViewController.swift; sourceTree = "<group>"; };
		EF94C62C1B6F7C79003C9150 /* Base */ = {isa = PBXFileReference; lastKnownFileType = file.storyboard; name = Base; path = Base.lproj/Main.storyboard; sourceTree = "<group>"; };
		EF94C62E1B6F7C79003C9150 /* Images.xcassets */ = {isa = PBXFileReference; lastKnownFileType = folder.assetcatalog; path = Images.xcassets; sourceTree = "<group>"; };
		EF94C6311B6F7C79003C9150 /* Base */ = {isa = PBXFileReference; lastKnownFileType = file.xib; name = Base; path = Base.lproj/LaunchScreen.xib; sourceTree = "<group>"; };
		EF94C6371B6F7C79003C9150 /* WebResponseAppTests.xctest */ = {isa = PBXFileReference; explicitFileType = wrapper.cfbundle; includeInIndex = 0; path = WebResponseAppTests.xctest; sourceTree = BUILT_PRODUCTS_DIR; };
		EF94C63C1B6F7C79003C9150 /* Info.plist */ = {isa = PBXFileReference; lastKnownFileType = text.plist.xml; path = Info.plist; sourceTree = "<group>"; };
		EF94C63D1B6F7C79003C9150 /* WebResponseAppTests.swift */ = {isa = PBXFileReference; lastKnownFileType = sourcecode.swift; path = WebResponseAppTests.swift; sourceTree = "<group>"; };
		EF94C6481B6F8978003C9150 /* Tuku.framework */ = {isa = PBXFileReference; lastKnownFileType = wrapper.framework; path = Tuku.framework; sourceTree = "<group>"; };
		EF94C64A1B6F89B2003C9150 /* WebResponseModel.swift */ = {isa = PBXFileReference; fileEncoding = 4; lastKnownFileType = sourcecode.swift; path = WebResponseModel.swift; sourceTree = "<group>"; };
/* End PBXFileReference section */

/* Begin PBXFrameworksBuildPhase section */
		EF94C61C1B6F7C79003C9150 /* Frameworks */ = {
			isa = PBXFrameworksBuildPhase;
			buildActionMask = 2147483647;
			files = (
				EF94C6491B6F8978003C9150 /* Tuku.framework in Frameworks */,
			);
			runOnlyForDeploymentPostprocessing = 0;
		};
		EF94C6341B6F7C79003C9150 /* Frameworks */ = {
			isa = PBXFrameworksBuildPhase;
			buildActionMask = 2147483647;
			files = (
			);
			runOnlyForDeploymentPostprocessing = 0;
		};
/* End PBXFrameworksBuildPhase section */

/* Begin PBXGroup section */
		EF94C6161B6F7C79003C9150 = {
			isa = PBXGroup;
			children = (
				EF94C6211B6F7C79003C9150 /* WebResponseApp */,
				EF94C63A1B6F7C79003C9150 /* WebResponseAppTests */,
				EF94C6201B6F7C79003C9150 /* Products */,
			);
			sourceTree = "<group>";
		};
		EF94C6201B6F7C79003C9150 /* Products */ = {
			isa = PBXGroup;
			children = (
				EF94C61F1B6F7C79003C9150 /* WebResponseApp.app */,
				EF94C6371B6F7C79003C9150 /* WebResponseAppTests.xctest */,
			);
			name = Products;
			sourceTree = "<group>";
		};
		EF94C6211B6F7C79003C9150 /* WebResponseApp */ = {
			isa = PBXGroup;
			children = (
				EF94C6471B6F8939003C9150 /* Frameworks */,
				EF94C6241B6F7C79003C9150 /* AppDelegate.swift */,
				EF94C6291B6F7C79003C9150 /* ViewController.swift */,
				EF94C62B1B6F7C79003C9150 /* Main.storyboard */,
				EF94C62E1B6F7C79003C9150 /* Images.xcassets */,
				EF94C6301B6F7C79003C9150 /* LaunchScreen.xib */,
				EF94C6261B6F7C79003C9150 /* WebResponseApp.xcdatamodeld */,
				EF94C6221B6F7C79003C9150 /* Supporting Files */,
				EF94C64A1B6F89B2003C9150 /* WebResponseModel.swift */,
			);
			path = WebResponseApp;
			sourceTree = "<group>";
		};
		EF94C6221B6F7C79003C9150 /* Supporting Files */ = {
			isa = PBXGroup;
			children = (
				EF94C6231B6F7C79003C9150 /* Info.plist */,
			);
			name = "Supporting Files";
			sourceTree = "<group>";
		};
		EF94C63A1B6F7C79003C9150 /* WebResponseAppTests */ = {
			isa = PBXGroup;
			children = (
				EF94C63D1B6F7C79003C9150 /* WebResponseAppTests.swift */,
				EF94C63B1B6F7C79003C9150 /* Supporting Files */,
			);
			path = WebResponseAppTests;
			sourceTree = "<group>";
		};
		EF94C63B1B6F7C79003C9150 /* Supporting Files */ = {
			isa = PBXGroup;
			children = (
				EF94C63C1B6F7C79003C9150 /* Info.plist */,
			);
			name = "Supporting Files";
			sourceTree = "<group>";
		};
		EF94C6471B6F8939003C9150 /* Frameworks */ = {
			isa = PBXGroup;
			children = (
				EF94C6481B6F8978003C9150 /* Tuku.framework */,
			);
			name = Frameworks;
			sourceTree = "<group>";
		};
/* End PBXGroup section */

/* Begin PBXNativeTarget section */
		EF94C61E1B6F7C79003C9150 /* WebResponseApp */ = {
			isa = PBXNativeTarget;
			buildConfigurationList = EF94C6411B6F7C79003C9150 /* Build configuration list for PBXNativeTarget "WebResponseApp" */;
			buildPhases = (
				EF94C61B1B6F7C79003C9150 /* Sources */,
				EF94C61C1B6F7C79003C9150 /* Frameworks */,
				EF94C61D1B6F7C79003C9150 /* Resources */,
			);
			buildRules = (
			);
			dependencies = (
			);
			name = WebResponseApp;
			productName = WebResponseApp;
			productReference = EF94C61F1B6F7C79003C9150 /* WebResponseApp.app */;
			productType = "com.apple.product-type.application";
		};
		EF94C6361B6F7C79003C9150 /* WebResponseAppTests */ = {
			isa = PBXNativeTarget;
			buildConfigurationList = EF94C6441B6F7C79003C9150 /* Build configuration list for PBXNativeTarget "WebResponseAppTests" */;
			buildPhases = (
				EF94C6331B6F7C79003C9150 /* Sources */,
				EF94C6341B6F7C79003C9150 /* Frameworks */,
				EF94C6351B6F7C79003C9150 /* Resources */,
			);
			buildRules = (
			);
			dependencies = (
				EF94C6391B6F7C79003C9150 /* PBXTargetDependency */,
			);
			name = WebResponseAppTests;
			productName = WebResponseAppTests;
			productReference = EF94C6371B6F7C79003C9150 /* WebResponseAppTests.xctest */;
			productType = "com.apple.product-type.bundle.unit-test";
		};
/* End PBXNativeTarget section */

/* Begin PBXProject section */
		EF94C6171B6F7C79003C9150 /* Project object */ = {
			isa = PBXProject;
			attributes = {
				LastUpgradeCheck = 0610;
				ORGANIZATIONNAME = Danoram;
				TargetAttributes = {
					EF94C61E1B6F7C79003C9150 = {
						CreatedOnToolsVersion = 6.1.1;
					};
					EF94C6361B6F7C79003C9150 = {
						CreatedOnToolsVersion = 6.1.1;
						TestTargetID = EF94C61E1B6F7C79003C9150;
					};
				};
			};
			buildConfigurationList = EF94C61A1B6F7C79003C9150 /* Build configuration list for PBXProject "WebResponseApp" */;
			compatibilityVersion = "Xcode 3.2";
			developmentRegion = English;
			hasScannedForEncodings = 0;
			knownRegions = (
				en,
				Base,
			);
			mainGroup = EF94C6161B6F7C79003C9150;
			productRefGroup = EF94C6201B6F7C79003C9150 /* Products */;
			projectDirPath = "";
			projectRoot = "";
			targets = (
				EF94C61E1B6F7C79003C9150 /* WebResponseApp */,
				EF94C6361B6F7C79003C9150 /* WebResponseAppTests */,
			);
		};
/* End PBXProject section */

/* Begin PBXResourcesBuildPhase section */
		EF94C61D1B6F7C79003C9150 /* Resources */ = {
			isa = PBXResourcesBuildPhase;
			buildActionMask = 2147483647;
			files = (
				EF94C62D1B6F7C79003C9150 /* Main.storyboard in Resources */,
				EF94C6321B6F7C79003C9150 /* LaunchScreen.xib in Resources */,
				EF94C62F1B6F7C79003C9150 /* Images.xcassets in Resources */,
			);
			runOnlyForDeploymentPostprocessing = 0;
		};
		EF94C6351B6F7C79003C9150 /* Resources */ = {
			isa = PBXResourcesBuildPhase;
			buildActionMask = 2147483647;
			files = (
			);
			runOnlyForDeploymentPostprocessing = 0;
		};
/* End PBXResourcesBuildPhase section */

/* Begin PBXSourcesBuildPhase section */
		EF94C61B1B6F7C79003C9150 /* Sources */ = {
			isa = PBXSourcesBuildPhase;
			buildActionMask = 2147483647;
			files = (
				EF94C62A1B6F7C79003C9150 /* ViewController.swift in Sources */,
				EF94C6251B6F7C79003C9150 /* AppDelegate.swift in Sources */,
				EF94C6281B6F7C79003C9150 /* WebResponseApp.xcdatamodeld in Sources */,
				EF94C64B1B6F89B2003C9150 /* WebResponseModel.swift in Sources */,
			);
			runOnlyForDeploymentPostprocessing = 0;
		};
		EF94C6331B6F7C79003C9150 /* Sources */ = {
			isa = PBXSourcesBuildPhase;
			buildActionMask = 2147483647;
			files = (
				EF94C63E1B6F7C79003C9150 /* WebResponseAppTests.swift in Sources */,
			);
			runOnlyForDeploymentPostprocessing = 0;
		};
/* End PBXSourcesBuildPhase section */

/* Begin PBXTargetDependency section */
		EF94C6391B6F7C79003C9150 /* PBXTargetDependency */ = {
			isa = PBXTargetDependency;
			target = EF94C61E1B6F7C79003C9150 /* WebResponseApp */;
			targetProxy = EF94C6381B6F7C79003C9150 /* PBXContainerItemProxy */;
		};
/* End PBXTargetDependency section */

/* Begin PBXVariantGroup section */
		EF94C62B1B6F7C79003C9150 /* Main.storyboard */ = {
			isa = PBXVariantGroup;
			children = (
				EF94C62C1B6F7C79003C9150 /* Base */,
			);
			name = Main.storyboard;
			sourceTree = "<group>";
		};
		EF94C6301B6F7C79003C9150 /* LaunchScreen.xib */ = {
			isa = PBXVariantGroup;
			children = (
				EF94C6311B6F7C79003C9150 /* Base */,
			);
			name = LaunchScreen.xib;
			sourceTree = "<group>";
		};
/* End PBXVariantGroup section */

/* Begin XCBuildConfiguration section */
		EF94C63F1B6F7C79003C9150 /* Debug */ = {
			isa = XCBuildConfiguration;
			buildSettings = {
				ALWAYS_SEARCH_USER_PATHS = NO;
				CLANG_CXX_LANGUAGE_STANDARD = "gnu++0x";
				CLANG_CXX_LIBRARY = "libc++";
				CLANG_ENABLE_MODULES = YES;
				CLANG_ENABLE_OBJC_ARC = YES;
				CLANG_WARN_BOOL_CONVERSION = YES;
				CLANG_WARN_CONSTANT_CONVERSION = YES;
				CLANG_WARN_DIRECT_OBJC_ISA_USAGE = YES_ERROR;
				CLANG_WARN_EMPTY_BODY = YES;
				CLANG_WARN_ENUM_CONVERSION = YES;
				CLANG_WARN_INT_CONVERSION = YES;
				CLANG_WARN_OBJC_ROOT_CLASS = YES_ERROR;
				CLANG_WARN_UNREACHABLE_CODE = YES;
				CLANG_WARN__DUPLICATE_METHOD_MATCH = YES;
				"CODE_SIGN_IDENTITY[sdk=iphoneos*]" = "iPhone Developer";
				COPY_PHASE_STRIP = NO;
				ENABLE_STRICT_OBJC_MSGSEND = YES;
				GCC_C_LANGUAGE_STANDARD = gnu99;
				GCC_DYNAMIC_NO_PIC = NO;
				GCC_OPTIMIZATION_LEVEL = 0;
				GCC_PREPROCESSOR_DEFINITIONS = (
					"DEBUG=1",
					"$(inherited)",
				);
				GCC_SYMBOLS_PRIVATE_EXTERN = NO;
				GCC_WARN_64_TO_32_BIT_CONVERSION = YES;
				GCC_WARN_ABOUT_RETURN_TYPE = YES_ERROR;
				GCC_WARN_UNDECLARED_SELECTOR = YES;
				GCC_WARN_UNINITIALIZED_AUTOS = YES_AGGRESSIVE;
				GCC_WARN_UNUSED_FUNCTION = YES;
				GCC_WARN_UNUSED_VARIABLE = YES;
				IPHONEOS_DEPLOYMENT_TARGET = 8.1;
				MTL_ENABLE_DEBUG_INFO = YES;
				ONLY_ACTIVE_ARCH = YES;
				SDKROOT = iphoneos;
				SWIFT_OPTIMIZATION_LEVEL = "-Onone";
			};
			name = Debug;
		};
		EF94C6401B6F7C79003C9150 /* Release */ = {
			isa = XCBuildConfiguration;
			buildSettings = {
				ALWAYS_SEARCH_USER_PATHS = NO;
				CLANG_CXX_LANGUAGE_STANDARD = "gnu++0x";
				CLANG_CXX_LIBRARY = "libc++";
				CLANG_ENABLE_MODULES = YES;
				CLANG_ENABLE_OBJC_ARC = YES;
				CLANG_WARN_BOOL_CONVERSION = YES;
				CLANG_WARN_CONSTANT_CONVERSION = YES;
				CLANG_WARN_DIRECT_OBJC_ISA_USAGE = YES_ERROR;
				CLANG_WARN_EMPTY_BODY = YES;
				CLANG_WARN_ENUM_CONVERSION = YES;
				CLANG_WARN_INT_CONVERSION = YES;
				CLANG_WARN_OBJC_ROOT_CLASS = YES_ERROR;
				CLANG_WARN_UNREACHABLE_CODE = YES;
				CLANG_WARN__DUPLICATE_METHOD_MATCH = YES;
				"CODE_SIGN_IDENTITY[sdk=iphoneos*]" = "iPhone Developer";
				COPY_PHASE_STRIP = YES;
				ENABLE_NS_ASSERTIONS = NO;
				ENABLE_STRICT_OBJC_MSGSEND = YES;
				GCC_C_LANGUAGE_STANDARD = gnu99;
				GCC_WARN_64_TO_32_BIT_CONVERSION = YES;
				GCC_WARN_ABOUT_RETURN_TYPE = YES_ERROR;
				GCC_WARN_UNDECLARED_SELECTOR = YES;
				GCC_WARN_UNINITIALIZED_AUTOS = YES_AGGRESSIVE;
				GCC_WARN_UNUSED_FUNCTION = YES;
				GCC_WARN_UNUSED_VARIABLE = YES;
				IPHONEOS_DEPLOYMENT_TARGET = 8.1;
				MTL_ENABLE_DEBUG_INFO = NO;
				SDKROOT = iphoneos;
				VALIDATE_PRODUCT = YES;
			};
			name = Release;
		};
		EF94C6421B6F7C79003C9150 /* Debug */ = {
			isa = XCBuildConfiguration;
			buildSettings = {
				ASSETCATALOG_COMPILER_APPICON_NAME = AppIcon;
				FRAMEWORK_SEARCH_PATHS = (
					"$(inherited)",
					"$(PROJECT_DIR)/WebResponseApp",
				);
				INFOPLIST_FILE = WebResponseApp/Info.plist;
				LD_RUNPATH_SEARCH_PATHS = "$(inherited) @executable_path/Frameworks";
				PRODUCT_NAME = "$(TARGET_NAME)";
			};
			name = Debug;
		};
		EF94C6431B6F7C79003C9150 /* Release */ = {
			isa = XCBuildConfiguration;
			buildSettings = {
				ASSETCATALOG_COMPILER_APPICON_NAME = AppIcon;
				FRAMEWORK_SEARCH_PATHS = (
					"$(inherited)",
					"$(PROJECT_DIR)/WebResponseApp",
				);
				INFOPLIST_FILE = WebResponseApp/Info.plist;
				LD_RUNPATH_SEARCH_PATHS = "$(inherited) @executable_path/Frameworks";
				PRODUCT_NAME = "$(TARGET_NAME)";
			};
			name = Release;
		};
		EF94C6451B6F7C79003C9150 /* Debug */ = {
			isa = XCBuildConfiguration;
			buildSettings = {
				BUNDLE_LOADER = "$(TEST_HOST)";
				FRAMEWORK_SEARCH_PATHS = (
					"$(SDKROOT)/Developer/Library/Frameworks",
					"$(inherited)",
				);
				GCC_PREPROCESSOR_DEFINITIONS = (
					"DEBUG=1",
					"$(inherited)",
				);
				INFOPLIST_FILE = WebResponseAppTests/Info.plist;
				LD_RUNPATH_SEARCH_PATHS = "$(inherited) @executable_path/Frameworks @loader_path/Frameworks";
				PRODUCT_NAME = "$(TARGET_NAME)";
				TEST_HOST = "$(BUILT_PRODUCTS_DIR)/WebResponseApp.app/WebResponseApp";
			};
			name = Debug;
		};
		EF94C6461B6F7C79003C9150 /* Release */ = {
			isa = XCBuildConfiguration;
			buildSettings = {
				BUNDLE_LOADER = "$(TEST_HOST)";
				FRAMEWORK_SEARCH_PATHS = (
					"$(SDKROOT)/Developer/Library/Frameworks",
					"$(inherited)",
				);
				INFOPLIST_FILE = WebResponseAppTests/Info.plist;
				LD_RUNPATH_SEARCH_PATHS = "$(inherited) @executable_path/Frameworks @loader_path/Frameworks";
				PRODUCT_NAME = "$(TARGET_NAME)";
				TEST_HOST = "$(BUILT_PRODUCTS_DIR)/WebResponseApp.app/WebResponseApp";
			};
			name = Release;
		};
/* End XCBuildConfiguration section */

/* Begin XCConfigurationList section */
		EF94C61A1B6F7C79003C9150 /* Build configuration list for PBXProject "WebResponseApp" */ = {
			isa = XCConfigurationList;
			buildConfigurations = (
				EF94C63F1B6F7C79003C9150 /* Debug */,
				EF94C6401B6F7C79003C9150 /* Release */,
			);
			defaultConfigurationIsVisible = 0;
			defaultConfigurationName = Release;
		};
		EF94C6411B6F7C79003C9150 /* Build configuration list for PBXNativeTarget "WebResponseApp" */ = {
			isa = XCConfigurationList;
			buildConfigurations = (
				EF94C6421B6F7C79003C9150 /* Debug */,
				EF94C6431B6F7C79003C9150 /* Release */,
			);
			defaultConfigurationIsVisible = 0;
		};
		EF94C6441B6F7C79003C9150 /* Build configuration list for PBXNativeTarget "WebResponseAppTests" */ = {
			isa = XCConfigurationList;
			buildConfigurations = (
				EF94C6451B6F7C79003C9150 /* Debug */,
				EF94C6461B6F7C79003C9150 /* Release */,
			);
			defaultConfigurationIsVisible = 0;
		};
/* End XCConfigurationList section */

/* Begin XCVersionGroup section */
		EF94C6261B6F7C79003C9150 /* WebResponseApp.xcdatamodeld */ = {
			isa = XCVersionGroup;
			children = (
				EF94C6271B6F7C79003C9150 /* WebResponseApp.xcdatamodel */,
			);
			currentVersion = EF94C6271B6F7C79003C9150 /* WebResponseApp.xcdatamodel */;
			path = WebResponseApp.xcdatamodeld;
			sourceTree = "<group>";
			versionGroupType = wrapper.xcdatamodel;
		};
/* End XCVersionGroup section */
	};
	rootObject = EF94C6171B6F7C79003C9150 /* Project object */;
}
